// !$*UTF8*$!
{
	archiveVersion = 1;
	classes = {
	};
	objectVersion = 50;
	objects = {

/* Begin PBXBuildFile section */
		DD7536C1243BF5F300C7BE28 /* Soap.app in Embed Watch Content */ = {isa = PBXBuildFile; fileRef = DD7536C0243BF5F200C7BE28 /* Soap.app */; settings = {ATTRIBUTES = (RemoveHeadersOnCopy, ); }; };
		DD7536D0243BF5F500C7BE28 /* Soap WatchKit Extension.appex in Embed App Extensions */ = {isa = PBXBuildFile; fileRef = DD7536CF243BF5F500C7BE28 /* Soap WatchKit Extension.appex */; settings = {ATTRIBUTES = (RemoveHeadersOnCopy, ); }; };
		DD7536DB243BF5F600C7BE28 /* Assets.xcassets in Resources */ = {isa = PBXBuildFile; fileRef = DD7536DA243BF5F600C7BE28 /* Assets.xcassets */; };
		DD7536ED243BF67B00C7BE28 /* InterfaceController.swift in Sources */ = {isa = PBXBuildFile; fileRef = DD7536E9243BF67B00C7BE28 /* InterfaceController.swift */; };
		DD7536EE243BF67B00C7BE28 /* ExtensionDelegate.swift in Sources */ = {isa = PBXBuildFile; fileRef = DD7536EA243BF67B00C7BE28 /* ExtensionDelegate.swift */; };
		DD7536F3243BF6D300C7BE28 /* Interface.storyboard in Resources */ = {isa = PBXBuildFile; fileRef = DD7536F1243BF6D300C7BE28 /* Interface.storyboard */; };
		DD753701243BF76500C7BE28 /* HandWashing.mlmodel in Sources */ = {isa = PBXBuildFile; fileRef = DD7536F7243BF76400C7BE28 /* HandWashing.mlmodel */; };
		DD753702243BF76500C7BE28 /* MotionManager.swift in Sources */ = {isa = PBXBuildFile; fileRef = DD7536F9243BF76500C7BE28 /* MotionManager.swift */; };
		DD753703243BF76500C7BE28 /* UserDefaultsKey.swift in Sources */ = {isa = PBXBuildFile; fileRef = DD7536FB243BF76500C7BE28 /* UserDefaultsKey.swift */; };
		DD753704243BF76500C7BE28 /* HandWashCounter.swift in Sources */ = {isa = PBXBuildFile; fileRef = DD7536FD243BF76500C7BE28 /* HandWashCounter.swift */; };
		DD753705243BF76500C7BE28 /* NotificationController.swift in Sources */ = {isa = PBXBuildFile; fileRef = DD7536FF243BF76500C7BE28 /* NotificationController.swift */; };
		DD753706243BF76500C7BE28 /* NotificationManager.swift in Sources */ = {isa = PBXBuildFile; fileRef = DD753700243BF76500C7BE28 /* NotificationManager.swift */; };
		DD753708243BF82600C7BE28 /* Assets.xcassets in Resources */ = {isa = PBXBuildFile; fileRef = DD753707243BF82600C7BE28 /* Assets.xcassets */; };
		DD75370B243BF96E00C7BE28 /* proximanova-regular.ttf in Resources */ = {isa = PBXBuildFile; fileRef = DD7536F5243BF74800C7BE28 /* proximanova-regular.ttf */; };
/* End PBXBuildFile section */

/* Begin PBXContainerItemProxy section */
		DD7536C2243BF5F300C7BE28 /* PBXContainerItemProxy */ = {
			isa = PBXContainerItemProxy;
			containerPortal = DD542A73242A2A70005E562E /* Project object */;
			proxyType = 1;
			remoteGlobalIDString = DD7536BF243BF5F200C7BE28;
			remoteInfo = "Soap WatchKit App";
		};
		DD7536D1243BF5F500C7BE28 /* PBXContainerItemProxy */ = {
			isa = PBXContainerItemProxy;
			containerPortal = DD542A73242A2A70005E562E /* Project object */;
			proxyType = 1;
			remoteGlobalIDString = DD7536CE243BF5F500C7BE28;
			remoteInfo = "Soap WatchKit Extension";
		};
/* End PBXContainerItemProxy section */

/* Begin PBXCopyFilesBuildPhase section */
		DD7536E1243BF5F600C7BE28 /* Embed App Extensions */ = {
			isa = PBXCopyFilesBuildPhase;
			buildActionMask = 2147483647;
			dstPath = "";
			dstSubfolderSpec = 13;
			files = (
				DD7536D0243BF5F500C7BE28 /* Soap WatchKit Extension.appex in Embed App Extensions */,
			);
			name = "Embed App Extensions";
			runOnlyForDeploymentPostprocessing = 0;
		};
		DD7536E5243BF5F600C7BE28 /* Embed Watch Content */ = {
			isa = PBXCopyFilesBuildPhase;
			buildActionMask = 2147483647;
			dstPath = "$(CONTENTS_FOLDER_PATH)/Watch";
			dstSubfolderSpec = 16;
			files = (
				DD7536C1243BF5F300C7BE28 /* Soap.app in Embed Watch Content */,
			);
			name = "Embed Watch Content";
			runOnlyForDeploymentPostprocessing = 0;
		};
/* End PBXCopyFilesBuildPhase section */

/* Begin PBXFileReference section */
		DD7536BD243BF5F200C7BE28 /* Soap.app */ = {isa = PBXFileReference; explicitFileType = wrapper.application; includeInIndex = 0; path = Soap.app; sourceTree = BUILT_PRODUCTS_DIR; };
		DD7536C0243BF5F200C7BE28 /* Soap.app */ = {isa = PBXFileReference; explicitFileType = wrapper.application; includeInIndex = 0; path = Soap.app; sourceTree = BUILT_PRODUCTS_DIR; };
		DD7536CA243BF5F500C7BE28 /* Info.plist */ = {isa = PBXFileReference; lastKnownFileType = text.plist.xml; path = Info.plist; sourceTree = "<group>"; };
		DD7536CF243BF5F500C7BE28 /* Soap WatchKit Extension.appex */ = {isa = PBXFileReference; explicitFileType = "wrapper.app-extension"; includeInIndex = 0; path = "Soap WatchKit Extension.appex"; sourceTree = BUILT_PRODUCTS_DIR; };
		DD7536DA243BF5F600C7BE28 /* Assets.xcassets */ = {isa = PBXFileReference; lastKnownFileType = folder.assetcatalog; path = Assets.xcassets; sourceTree = "<group>"; };
		DD7536DC243BF5F600C7BE28 /* Info.plist */ = {isa = PBXFileReference; lastKnownFileType = text.plist.xml; path = Info.plist; sourceTree = "<group>"; };
		DD7536DD243BF5F600C7BE28 /* PushNotificationPayload.apns */ = {isa = PBXFileReference; lastKnownFileType = text; path = PushNotificationPayload.apns; sourceTree = "<group>"; };
		DD7536E9243BF67B00C7BE28 /* InterfaceController.swift */ = {isa = PBXFileReference; fileEncoding = 4; lastKnownFileType = sourcecode.swift; path = InterfaceController.swift; sourceTree = "<group>"; };
		DD7536EA243BF67B00C7BE28 /* ExtensionDelegate.swift */ = {isa = PBXFileReference; fileEncoding = 4; lastKnownFileType = sourcecode.swift; path = ExtensionDelegate.swift; sourceTree = "<group>"; };
		DD7536F2243BF6D300C7BE28 /* Base */ = {isa = PBXFileReference; lastKnownFileType = file.storyboard; name = Base; path = Base.lproj/Interface.storyboard; sourceTree = "<group>"; };
		DD7536F5243BF74800C7BE28 /* proximanova-regular.ttf */ = {isa = PBXFileReference; lastKnownFileType = file; path = "proximanova-regular.ttf"; sourceTree = "<group>"; };
		DD7536F7243BF76400C7BE28 /* HandWashing.mlmodel */ = {isa = PBXFileReference; lastKnownFileType = file.mlmodel; path = HandWashing.mlmodel; sourceTree = "<group>"; };
		DD7536F9243BF76500C7BE28 /* MotionManager.swift */ = {isa = PBXFileReference; fileEncoding = 4; lastKnownFileType = sourcecode.swift; path = MotionManager.swift; sourceTree = "<group>"; };
		DD7536FB243BF76500C7BE28 /* UserDefaultsKey.swift */ = {isa = PBXFileReference; fileEncoding = 4; lastKnownFileType = sourcecode.swift; path = UserDefaultsKey.swift; sourceTree = "<group>"; };
		DD7536FD243BF76500C7BE28 /* HandWashCounter.swift */ = {isa = PBXFileReference; fileEncoding = 4; lastKnownFileType = sourcecode.swift; path = HandWashCounter.swift; sourceTree = "<group>"; };
		DD7536FF243BF76500C7BE28 /* NotificationController.swift */ = {isa = PBXFileReference; fileEncoding = 4; lastKnownFileType = sourcecode.swift; path = NotificationController.swift; sourceTree = "<group>"; };
		DD753700243BF76500C7BE28 /* NotificationManager.swift */ = {isa = PBXFileReference; fileEncoding = 4; lastKnownFileType = sourcecode.swift; path = NotificationManager.swift; sourceTree = "<group>"; };
		DD753707243BF82600C7BE28 /* Assets.xcassets */ = {isa = PBXFileReference; lastKnownFileType = folder.assetcatalog; path = Assets.xcassets; sourceTree = "<group>"; };
		DD75370C243BFA4300C7BE28 /* Soap WatchKit Extension.entitlements */ = {isa = PBXFileReference; lastKnownFileType = text.plist.entitlements; path = "Soap WatchKit Extension.entitlements"; sourceTree = "<group>"; };
/* End PBXFileReference section */

/* Begin PBXFrameworksBuildPhase section */
		DD7536CC243BF5F500C7BE28 /* Frameworks */ = {
			isa = PBXFrameworksBuildPhase;
			buildActionMask = 2147483647;
			files = (
			);
			runOnlyForDeploymentPostprocessing = 0;
		};
/* End PBXFrameworksBuildPhase section */

/* Begin PBXGroup section */
		DD542A72242A2A70005E562E = {
			isa = PBXGroup;
			children = (
				DD7536C4243BF5F300C7BE28 /* Soap WatchKit App */,
				DD7536D3243BF5F500C7BE28 /* Soap WatchKit Extension */,
				DD542A7C242A2A70005E562E /* Products */,
			);
			sourceTree = "<group>";
		};
		DD542A7C242A2A70005E562E /* Products */ = {
			isa = PBXGroup;
			children = (
				DD7536BD243BF5F200C7BE28 /* Soap.app */,
				DD7536C0243BF5F200C7BE28 /* Soap.app */,
				DD7536CF243BF5F500C7BE28 /* Soap WatchKit Extension.appex */,
			);
			name = Products;
			sourceTree = "<group>";
		};
		DD7536C4243BF5F300C7BE28 /* Soap WatchKit App */ = {
			isa = PBXGroup;
			children = (
				DD7536F1243BF6D300C7BE28 /* Interface.storyboard */,
				DD753707243BF82600C7BE28 /* Assets.xcassets */,
				DD7536CA243BF5F500C7BE28 /* Info.plist */,
			);
			path = "Soap WatchKit App";
			sourceTree = "<group>";
		};
		DD7536D3243BF5F500C7BE28 /* Soap WatchKit Extension */ = {
			isa = PBXGroup;
			children = (
				DD75370C243BFA4300C7BE28 /* Soap WatchKit Extension.entitlements */,
				DD7536E9243BF67B00C7BE28 /* InterfaceController.swift */,
				DD7536EA243BF67B00C7BE28 /* ExtensionDelegate.swift */,
				DD7536FC243BF76500C7BE28 /* HandWashCounter */,
				DD7536FA243BF76500C7BE28 /* Helper */,
				DD7536F6243BF76400C7BE28 /* MachineLearningModel */,
				DD7536F8243BF76500C7BE28 /* MotionManager */,
				DD7536FE243BF76500C7BE28 /* Notification */,
				DD7536F4243BF73D00C7BE28 /* Resources */,
				DD7536DC243BF5F600C7BE28 /* Info.plist */,
				DD7536DD243BF5F600C7BE28 /* PushNotificationPayload.apns */,
			);
			path = "Soap WatchKit Extension";
			sourceTree = "<group>";
		};
		DD7536F4243BF73D00C7BE28 /* Resources */ = {
			isa = PBXGroup;
			children = (
				DD7536DA243BF5F600C7BE28 /* Assets.xcassets */,
				DD7536F5243BF74800C7BE28 /* proximanova-regular.ttf */,
			);
			path = Resources;
			sourceTree = "<group>";
		};
		DD7536F6243BF76400C7BE28 /* MachineLearningModel */ = {
			isa = PBXGroup;
			children = (
				DD7536F7243BF76400C7BE28 /* HandWashing.mlmodel */,
			);
			path = MachineLearningModel;
			sourceTree = "<group>";
		};
		DD7536F8243BF76500C7BE28 /* MotionManager */ = {
			isa = PBXGroup;
			children = (
				DD7536F9243BF76500C7BE28 /* MotionManager.swift */,
			);
			path = MotionManager;
			sourceTree = "<group>";
		};
		DD7536FA243BF76500C7BE28 /* Helper */ = {
			isa = PBXGroup;
			children = (
				DD7536FB243BF76500C7BE28 /* UserDefaultsKey.swift */,
			);
			path = Helper;
			sourceTree = "<group>";
		};
		DD7536FC243BF76500C7BE28 /* HandWashCounter */ = {
			isa = PBXGroup;
			children = (
				DD7536FD243BF76500C7BE28 /* HandWashCounter.swift */,
			);
			path = HandWashCounter;
			sourceTree = "<group>";
		};
		DD7536FE243BF76500C7BE28 /* Notification */ = {
			isa = PBXGroup;
			children = (
				DD7536FF243BF76500C7BE28 /* NotificationController.swift */,
				DD753700243BF76500C7BE28 /* NotificationManager.swift */,
			);
			path = Notification;
			sourceTree = "<group>";
		};
/* End PBXGroup section */

/* Begin PBXNativeTarget section */
		DD7536BC243BF5F200C7BE28 /* Soap */ = {
			isa = PBXNativeTarget;
			buildConfigurationList = DD7536E6243BF5F600C7BE28 /* Build configuration list for PBXNativeTarget "Soap" */;
			buildPhases = (
				DD7536BB243BF5F200C7BE28 /* Resources */,
				DD7536E5243BF5F600C7BE28 /* Embed Watch Content */,
			);
			buildRules = (
			);
			dependencies = (
				DD7536C3243BF5F300C7BE28 /* PBXTargetDependency */,
			);
			name = Soap;
			productName = Soap;
			productReference = DD7536BD243BF5F200C7BE28 /* Soap.app */;
			productType = "com.apple.product-type.application.watchapp2-container";
		};
		DD7536BF243BF5F200C7BE28 /* Soap WatchKit App */ = {
			isa = PBXNativeTarget;
			buildConfigurationList = DD7536E2243BF5F600C7BE28 /* Build configuration list for PBXNativeTarget "Soap WatchKit App" */;
			buildPhases = (
				DD7536BE243BF5F200C7BE28 /* Resources */,
				DD7536E1243BF5F600C7BE28 /* Embed App Extensions */,
			);
			buildRules = (
			);
			dependencies = (
				DD7536D2243BF5F500C7BE28 /* PBXTargetDependency */,
			);
			name = "Soap WatchKit App";
			productName = "Soap WatchKit App";
			productReference = DD7536C0243BF5F200C7BE28 /* Soap.app */;
			productType = "com.apple.product-type.application.watchapp2";
		};
		DD7536CE243BF5F500C7BE28 /* Soap WatchKit Extension */ = {
			isa = PBXNativeTarget;
			buildConfigurationList = DD7536DE243BF5F600C7BE28 /* Build configuration list for PBXNativeTarget "Soap WatchKit Extension" */;
			buildPhases = (
				DD7536CB243BF5F500C7BE28 /* Sources */,
				DD7536CC243BF5F500C7BE28 /* Frameworks */,
				DD7536CD243BF5F500C7BE28 /* Resources */,
			);
			buildRules = (
			);
			dependencies = (
			);
			name = "Soap WatchKit Extension";
			productName = "Soap WatchKit Extension";
			productReference = DD7536CF243BF5F500C7BE28 /* Soap WatchKit Extension.appex */;
			productType = "com.apple.product-type.watchkit2-extension";
		};
/* End PBXNativeTarget section */

/* Begin PBXProject section */
		DD542A73242A2A70005E562E /* Project object */ = {
			isa = PBXProject;
			attributes = {
				LastSwiftUpdateCheck = 1140;
				LastUpgradeCheck = 1130;
				ORGANIZATIONNAME = "Trevin Wisaksana";
				TargetAttributes = {
					DD7536BC243BF5F200C7BE28 = {
						CreatedOnToolsVersion = 11.4;
					};
					DD7536BF243BF5F200C7BE28 = {
						CreatedOnToolsVersion = 11.4;
					};
					DD7536CE243BF5F500C7BE28 = {
						CreatedOnToolsVersion = 11.4;
					};
				};
			};
			buildConfigurationList = DD542A76242A2A70005E562E /* Build configuration list for PBXProject "Soap" */;
			compatibilityVersion = "Xcode 9.3";
			developmentRegion = en;
			hasScannedForEncodings = 0;
			knownRegions = (
				en,
				Base,
			);
			mainGroup = DD542A72242A2A70005E562E;
			productRefGroup = DD542A7C242A2A70005E562E /* Products */;
			projectDirPath = "";
			projectRoot = "";
			targets = (
				DD7536BC243BF5F200C7BE28 /* Soap */,
				DD7536BF243BF5F200C7BE28 /* Soap WatchKit App */,
				DD7536CE243BF5F500C7BE28 /* Soap WatchKit Extension */,
			);
		};
/* End PBXProject section */

/* Begin PBXResourcesBuildPhase section */
		DD7536BB243BF5F200C7BE28 /* Resources */ = {
			isa = PBXResourcesBuildPhase;
			buildActionMask = 2147483647;
			files = (
			);
			runOnlyForDeploymentPostprocessing = 0;
		};
		DD7536BE243BF5F200C7BE28 /* Resources */ = {
			isa = PBXResourcesBuildPhase;
			buildActionMask = 2147483647;
			files = (
				DD753708243BF82600C7BE28 /* Assets.xcassets in Resources */,
				DD7536F3243BF6D300C7BE28 /* Interface.storyboard in Resources */,
			);
			runOnlyForDeploymentPostprocessing = 0;
		};
		DD7536CD243BF5F500C7BE28 /* Resources */ = {
			isa = PBXResourcesBuildPhase;
			buildActionMask = 2147483647;
			files = (
				DD75370B243BF96E00C7BE28 /* proximanova-regular.ttf in Resources */,
				DD7536DB243BF5F600C7BE28 /* Assets.xcassets in Resources */,
			);
			runOnlyForDeploymentPostprocessing = 0;
		};
/* End PBXResourcesBuildPhase section */

/* Begin PBXSourcesBuildPhase section */
		DD7536CB243BF5F500C7BE28 /* Sources */ = {
			isa = PBXSourcesBuildPhase;
			buildActionMask = 2147483647;
			files = (
				DD753703243BF76500C7BE28 /* UserDefaultsKey.swift in Sources */,
				DD753705243BF76500C7BE28 /* NotificationController.swift in Sources */,
				DD753706243BF76500C7BE28 /* NotificationManager.swift in Sources */,
				DD753702243BF76500C7BE28 /* MotionManager.swift in Sources */,
				DD7536EE243BF67B00C7BE28 /* ExtensionDelegate.swift in Sources */,
				DD7536ED243BF67B00C7BE28 /* InterfaceController.swift in Sources */,
				DD753701243BF76500C7BE28 /* HandWashing.mlmodel in Sources */,
				DD753704243BF76500C7BE28 /* HandWashCounter.swift in Sources */,
			);
			runOnlyForDeploymentPostprocessing = 0;
		};
/* End PBXSourcesBuildPhase section */

/* Begin PBXTargetDependency section */
		DD7536C3243BF5F300C7BE28 /* PBXTargetDependency */ = {
			isa = PBXTargetDependency;
			target = DD7536BF243BF5F200C7BE28 /* Soap WatchKit App */;
			targetProxy = DD7536C2243BF5F300C7BE28 /* PBXContainerItemProxy */;
		};
		DD7536D2243BF5F500C7BE28 /* PBXTargetDependency */ = {
			isa = PBXTargetDependency;
			target = DD7536CE243BF5F500C7BE28 /* Soap WatchKit Extension */;
			targetProxy = DD7536D1243BF5F500C7BE28 /* PBXContainerItemProxy */;
		};
/* End PBXTargetDependency section */

/* Begin PBXVariantGroup section */
		DD7536F1243BF6D300C7BE28 /* Interface.storyboard */ = {
			isa = PBXVariantGroup;
			children = (
				DD7536F2243BF6D300C7BE28 /* Base */,
			);
			name = Interface.storyboard;
			sourceTree = "<group>";
		};
/* End PBXVariantGroup section */

/* Begin XCBuildConfiguration section */
		DD542A8D242A2A71005E562E /* Debug */ = {
			isa = XCBuildConfiguration;
			buildSettings = {
				ALWAYS_SEARCH_USER_PATHS = NO;
				CLANG_ANALYZER_NONNULL = YES;
				CLANG_ANALYZER_NUMBER_OBJECT_CONVERSION = YES_AGGRESSIVE;
				CLANG_CXX_LANGUAGE_STANDARD = "gnu++14";
				CLANG_CXX_LIBRARY = "libc++";
				CLANG_ENABLE_MODULES = YES;
				CLANG_ENABLE_OBJC_ARC = YES;
				CLANG_ENABLE_OBJC_WEAK = YES;
				CLANG_WARN_BLOCK_CAPTURE_AUTORELEASING = YES;
				CLANG_WARN_BOOL_CONVERSION = YES;
				CLANG_WARN_COMMA = YES;
				CLANG_WARN_CONSTANT_CONVERSION = YES;
				CLANG_WARN_DEPRECATED_OBJC_IMPLEMENTATIONS = YES;
				CLANG_WARN_DIRECT_OBJC_ISA_USAGE = YES_ERROR;
				CLANG_WARN_DOCUMENTATION_COMMENTS = YES;
				CLANG_WARN_EMPTY_BODY = YES;
				CLANG_WARN_ENUM_CONVERSION = YES;
				CLANG_WARN_INFINITE_RECURSION = YES;
				CLANG_WARN_INT_CONVERSION = YES;
				CLANG_WARN_NON_LITERAL_NULL_CONVERSION = YES;
				CLANG_WARN_OBJC_IMPLICIT_RETAIN_SELF = YES;
				CLANG_WARN_OBJC_LITERAL_CONVERSION = YES;
				CLANG_WARN_OBJC_ROOT_CLASS = YES_ERROR;
				CLANG_WARN_RANGE_LOOP_ANALYSIS = YES;
				CLANG_WARN_STRICT_PROTOTYPES = YES;
				CLANG_WARN_SUSPICIOUS_MOVE = YES;
				CLANG_WARN_UNGUARDED_AVAILABILITY = YES_AGGRESSIVE;
				CLANG_WARN_UNREACHABLE_CODE = YES;
				CLANG_WARN__DUPLICATE_METHOD_MATCH = YES;
				COPY_PHASE_STRIP = NO;
				DEBUG_INFORMATION_FORMAT = dwarf;
				ENABLE_STRICT_OBJC_MSGSEND = YES;
				ENABLE_TESTABILITY = YES;
				GCC_C_LANGUAGE_STANDARD = gnu11;
				GCC_DYNAMIC_NO_PIC = NO;
				GCC_NO_COMMON_BLOCKS = YES;
				GCC_OPTIMIZATION_LEVEL = 0;
				GCC_PREPROCESSOR_DEFINITIONS = (
					"DEBUG=1",
					"$(inherited)",
				);
				GCC_WARN_64_TO_32_BIT_CONVERSION = YES;
				GCC_WARN_ABOUT_RETURN_TYPE = YES_ERROR;
				GCC_WARN_UNDECLARED_SELECTOR = YES;
				GCC_WARN_UNINITIALIZED_AUTOS = YES_AGGRESSIVE;
				GCC_WARN_UNUSED_FUNCTION = YES;
				GCC_WARN_UNUSED_VARIABLE = YES;
				IPHONEOS_DEPLOYMENT_TARGET = 13.2;
				MTL_ENABLE_DEBUG_INFO = INCLUDE_SOURCE;
				MTL_FAST_MATH = YES;
				ONLY_ACTIVE_ARCH = YES;
				SDKROOT = iphoneos;
				SWIFT_ACTIVE_COMPILATION_CONDITIONS = DEBUG;
				SWIFT_OPTIMIZATION_LEVEL = "-Onone";
			};
			name = Debug;
		};
		DD542A8E242A2A71005E562E /* Release */ = {
			isa = XCBuildConfiguration;
			buildSettings = {
				ALWAYS_SEARCH_USER_PATHS = NO;
				CLANG_ANALYZER_NONNULL = YES;
				CLANG_ANALYZER_NUMBER_OBJECT_CONVERSION = YES_AGGRESSIVE;
				CLANG_CXX_LANGUAGE_STANDARD = "gnu++14";
				CLANG_CXX_LIBRARY = "libc++";
				CLANG_ENABLE_MODULES = YES;
				CLANG_ENABLE_OBJC_ARC = YES;
				CLANG_ENABLE_OBJC_WEAK = YES;
				CLANG_WARN_BLOCK_CAPTURE_AUTORELEASING = YES;
				CLANG_WARN_BOOL_CONVERSION = YES;
				CLANG_WARN_COMMA = YES;
				CLANG_WARN_CONSTANT_CONVERSION = YES;
				CLANG_WARN_DEPRECATED_OBJC_IMPLEMENTATIONS = YES;
				CLANG_WARN_DIRECT_OBJC_ISA_USAGE = YES_ERROR;
				CLANG_WARN_DOCUMENTATION_COMMENTS = YES;
				CLANG_WARN_EMPTY_BODY = YES;
				CLANG_WARN_ENUM_CONVERSION = YES;
				CLANG_WARN_INFINITE_RECURSION = YES;
				CLANG_WARN_INT_CONVERSION = YES;
				CLANG_WARN_NON_LITERAL_NULL_CONVERSION = YES;
				CLANG_WARN_OBJC_IMPLICIT_RETAIN_SELF = YES;
				CLANG_WARN_OBJC_LITERAL_CONVERSION = YES;
				CLANG_WARN_OBJC_ROOT_CLASS = YES_ERROR;
				CLANG_WARN_RANGE_LOOP_ANALYSIS = YES;
				CLANG_WARN_STRICT_PROTOTYPES = YES;
				CLANG_WARN_SUSPICIOUS_MOVE = YES;
				CLANG_WARN_UNGUARDED_AVAILABILITY = YES_AGGRESSIVE;
				CLANG_WARN_UNREACHABLE_CODE = YES;
				CLANG_WARN__DUPLICATE_METHOD_MATCH = YES;
				COPY_PHASE_STRIP = NO;
				DEBUG_INFORMATION_FORMAT = "dwarf-with-dsym";
				ENABLE_NS_ASSERTIONS = NO;
				ENABLE_STRICT_OBJC_MSGSEND = YES;
				GCC_C_LANGUAGE_STANDARD = gnu11;
				GCC_NO_COMMON_BLOCKS = YES;
				GCC_WARN_64_TO_32_BIT_CONVERSION = YES;
				GCC_WARN_ABOUT_RETURN_TYPE = YES_ERROR;
				GCC_WARN_UNDECLARED_SELECTOR = YES;
				GCC_WARN_UNINITIALIZED_AUTOS = YES_AGGRESSIVE;
				GCC_WARN_UNUSED_FUNCTION = YES;
				GCC_WARN_UNUSED_VARIABLE = YES;
				IPHONEOS_DEPLOYMENT_TARGET = 13.2;
				MTL_ENABLE_DEBUG_INFO = NO;
				MTL_FAST_MATH = YES;
				SDKROOT = iphoneos;
				SWIFT_COMPILATION_MODE = wholemodule;
				SWIFT_OPTIMIZATION_LEVEL = "-O";
				VALIDATE_PRODUCT = YES;
			};
			name = Release;
		};
		DD7536DF243BF5F600C7BE28 /* Debug */ = {
			isa = XCBuildConfiguration;
			buildSettings = {
				ASSETCATALOG_COMPILER_COMPLICATION_NAME = Complication;
				CODE_SIGN_ENTITLEMENTS = "Soap WatchKit Extension/Soap WatchKit Extension.entitlements";
				CODE_SIGN_STYLE = Automatic;
				DEVELOPMENT_TEAM = DHJZU58583;
				INFOPLIST_FILE = "Soap WatchKit Extension/Info.plist";
				LD_RUNPATH_SEARCH_PATHS = (
					"$(inherited)",
					"@executable_path/Frameworks",
					"@executable_path/../../Frameworks",
				);
				PRODUCT_BUNDLE_IDENTIFIER = com.trevinwisaksana.Soap.watchkitapp.watchkitextension;
				PRODUCT_NAME = "${TARGET_NAME}";
				SDKROOT = watchos;
				SKIP_INSTALL = YES;
				SWIFT_VERSION = 5.0;
				TARGETED_DEVICE_FAMILY = 4;
				WATCHOS_DEPLOYMENT_TARGET = 6.2;
			};
			name = Debug;
		};
		DD7536E0243BF5F600C7BE28 /* Release */ = {
			isa = XCBuildConfiguration;
			buildSettings = {
				ASSETCATALOG_COMPILER_COMPLICATION_NAME = Complication;
				CODE_SIGN_ENTITLEMENTS = "Soap WatchKit Extension/Soap WatchKit Extension.entitlements";
				CODE_SIGN_STYLE = Automatic;
				DEVELOPMENT_TEAM = DHJZU58583;
				INFOPLIST_FILE = "Soap WatchKit Extension/Info.plist";
				LD_RUNPATH_SEARCH_PATHS = (
					"$(inherited)",
					"@executable_path/Frameworks",
					"@executable_path/../../Frameworks",
				);
				PRODUCT_BUNDLE_IDENTIFIER = com.trevinwisaksana.Soap.watchkitapp.watchkitextension;
				PRODUCT_NAME = "${TARGET_NAME}";
				SDKROOT = watchos;
				SKIP_INSTALL = YES;
				SWIFT_VERSION = 5.0;
				TARGETED_DEVICE_FAMILY = 4;
				WATCHOS_DEPLOYMENT_TARGET = 6.2;
			};
			name = Release;
		};
		DD7536E3243BF5F600C7BE28 /* Debug */ = {
			isa = XCBuildConfiguration;
			buildSettings = {
				ALWAYS_EMBED_SWIFT_STANDARD_LIBRARIES = YES;
				ASSETCATALOG_COMPILER_APPICON_NAME = AppIcon;
				CODE_SIGN_STYLE = Automatic;
				DEVELOPMENT_TEAM = DHJZU58583;
				IBSC_MODULE = Soap_WatchKit_Extension;
				INFOPLIST_FILE = "Soap WatchKit App/Info.plist";
				PRODUCT_BUNDLE_IDENTIFIER = com.trevinwisaksana.Soap.watchkitapp;
				PRODUCT_NAME = Soap;
				SDKROOT = watchos;
				SKIP_INSTALL = YES;
				SWIFT_VERSION = 5.0;
				TARGETED_DEVICE_FAMILY = 4;
				WATCHOS_DEPLOYMENT_TARGET = 6.2;
			};
			name = Debug;
		};
		DD7536E4243BF5F600C7BE28 /* Release */ = {
			isa = XCBuildConfiguration;
			buildSettings = {
				ALWAYS_EMBED_SWIFT_STANDARD_LIBRARIES = YES;
				ASSETCATALOG_COMPILER_APPICON_NAME = AppIcon;
				CODE_SIGN_STYLE = Automatic;
				DEVELOPMENT_TEAM = DHJZU58583;
				IBSC_MODULE = Soap_WatchKit_Extension;
				INFOPLIST_FILE = "Soap WatchKit App/Info.plist";
				PRODUCT_BUNDLE_IDENTIFIER = com.trevinwisaksana.Soap.watchkitapp;
				PRODUCT_NAME = Soap;
				SDKROOT = watchos;
				SKIP_INSTALL = YES;
				SWIFT_VERSION = 5.0;
				TARGETED_DEVICE_FAMILY = 4;
				WATCHOS_DEPLOYMENT_TARGET = 6.2;
			};
			name = Release;
		};
		DD7536E7243BF5F600C7BE28 /* Debug */ = {
			isa = XCBuildConfiguration;
			buildSettings = {
				CODE_SIGN_STYLE = Automatic;
				CURRENT_PROJECT_VERSION = 1;
				DEVELOPMENT_TEAM = DHJZU58583;
				MARKETING_VERSION = 1.0;
				PRODUCT_BUNDLE_IDENTIFIER = com.trevinwisaksana.Soap;
				PRODUCT_NAME = "$(TARGET_NAME)";
				SWIFT_VERSION = 5.0;
			};
			name = Debug;
		};
		DD7536E8243BF5F600C7BE28 /* Release */ = {
			isa = XCBuildConfiguration;
			buildSettings = {
				CODE_SIGN_STYLE = Automatic;
				CURRENT_PROJECT_VERSION = 1;
				DEVELOPMENT_TEAM = DHJZU58583;
				MARKETING_VERSION = 1.0;
				PRODUCT_BUNDLE_IDENTIFIER = com.trevinwisaksana.Soap;
				PRODUCT_NAME = "$(TARGET_NAME)";
				SWIFT_VERSION = 5.0;
			};
			name = Release;
		};
/* End XCBuildConfiguration section */

/* Begin XCConfigurationList section */
		DD542A76242A2A70005E562E /* Build configuration list for PBXProject "Soap" */ = {
			isa = XCConfigurationList;
			buildConfigurations = (
				DD542A8D242A2A71005E562E /* Debug */,
				DD542A8E242A2A71005E562E /* Release */,
			);
			defaultConfigurationIsVisible = 0;
			defaultConfigurationName = Release;
		};
		DD7536DE243BF5F600C7BE28 /* Build configuration list for PBXNativeTarget "Soap WatchKit Extension" */ = {
			isa = XCConfigurationList;
			buildConfigurations = (
				DD7536DF243BF5F600C7BE28 /* Debug */,
				DD7536E0243BF5F600C7BE28 /* Release */,
			);
			defaultConfigurationIsVisible = 0;
			defaultConfigurationName = Release;
		};
		DD7536E2243BF5F600C7BE28 /* Build configuration list for PBXNativeTarget "Soap WatchKit App" */ = {
			isa = XCConfigurationList;
			buildConfigurations = (
				DD7536E3243BF5F600C7BE28 /* Debug */,
				DD7536E4243BF5F600C7BE28 /* Release */,
			);
			defaultConfigurationIsVisible = 0;
			defaultConfigurationName = Release;
		};
		DD7536E6243BF5F600C7BE28 /* Build configuration list for PBXNativeTarget "Soap" */ = {
			isa = XCConfigurationList;
			buildConfigurations = (
				DD7536E7243BF5F600C7BE28 /* Debug */,
				DD7536E8243BF5F600C7BE28 /* Release */,
			);
			defaultConfigurationIsVisible = 0;
			defaultConfigurationName = Release;
		};
/* End XCConfigurationList section */
	};
	rootObject = DD542A73242A2A70005E562E /* Project object */;
}
